
Microsoft Visual Studio Solution File, Format Version 12.00
# Visual Studio Version 17
VisualStudioVersion = 17.6.33712.159
MinimumVisualStudioVersion = 10.0.40219.1
Project("{FAE04EC0-301F-11D3-BF4B-00C04F79EFBC}") = "SocialMedia.APi", "SocialMedia\SocialMedia.APi.csproj", "{F9F3100F-1E41-411D-B40A-41DDEBB37683}"
EndProject
Project("{FAE04EC0-301F-11D3-BF4B-00C04F79EFBC}") = "SocialMedia.Domein", "SocialMedia.Domein\SocialMedia.Domein.csproj", "{8FBF5662-C69F-46E8-B852-B85AC3995E51}"
EndProject
Project("{FAE04EC0-301F-11D3-BF4B-00C04F79EFBC}") = "SocialMedia.Infrustructure", "SocialMedia.Infrustructure\SocialMedia.Infrustructure.csproj", "{76659F59-8F48-45B5-BDB3-24E00D0EA475}"
EndProject
Project("{FAE04EC0-301F-11D3-BF4B-00C04F79EFBC}") = "SocialMedia.Application", "SocialMedia.Application\SocialMedia.Application.csproj", "{D90BE2CE-7B8A-49BC-A468-8137853C4C3F}"
EndProject
Global
	GlobalSection(SolutionConfigurationPlatforms) = preSolution
		Debug|Any CPU = Debug|Any CPU
		Release|Any CPU = Release|Any CPU
	EndGlobalSection
	GlobalSection(ProjectConfigurationPlatforms) = postSolution
		{F9F3100F-1E41-411D-B40A-41DDEBB37683}.Debug|Any CPU.ActiveCfg = Debug|Any CPU
		{F9F3100F-1E41-411D-B40A-41DDEBB37683}.Debug|Any CPU.Build.0 = Debug|Any CPU
		{F9F3100F-1E41-411D-B40A-41DDEBB37683}.Release|Any CPU.ActiveCfg = Release|Any CPU
		{F9F3100F-1E41-411D-B40A-41DDEBB37683}.Release|Any CPU.Build.0 = Release|Any CPU
		{8FBF5662-C69F-46E8-B852-B85AC3995E51}.Debug|Any CPU.ActiveCfg = Debug|Any CPU
		{8FBF5662-C69F-46E8-B852-B85AC3995E51}.Debug|Any CPU.Build.0 = Debug|Any CPU
		{8FBF5662-C69F-46E8-B852-B85AC3995E51}.Release|Any CPU.ActiveCfg = Release|Any CPU
		{8FBF5662-C69F-46E8-B852-B85AC3995E51}.Release|Any CPU.Build.0 = Release|Any CPU
		{76659F59-8F48-45B5-BDB3-24E00D0EA475}.Debug|Any CPU.ActiveCfg = Debug|Any CPU
		{76659F59-8F48-45B5-BDB3-24E00D0EA475}.Debug|Any CPU.Build.0 = Debug|Any CPU
		{76659F59-8F48-45B5-BDB3-24E00D0EA475}.Release|Any CPU.ActiveCfg = Release|Any CPU
		{76659F59-8F48-45B5-BDB3-24E00D0EA475}.Release|Any CPU.Build.0 = Release|Any CPU
		{D90BE2CE-7B8A-49BC-A468-8137853C4C3F}.Debug|Any CPU.ActiveCfg = Debug|Any CPU
		{D90BE2CE-7B8A-49BC-A468-8137853C4C3F}.Debug|Any CPU.Build.0 = Debug|Any CPU
		{D90BE2CE-7B8A-49BC-A468-8137853C4C3F}.Release|Any CPU.ActiveCfg = Release|Any CPU
		{D90BE2CE-7B8A-49BC-A468-8137853C4C3F}.Release|Any CPU.Build.0 = Release|Any CPU
	EndGlobalSection
	GlobalSection(SolutionProperties) = preSolution
		HideSolutionNode = FALSE
	EndGlobalSection
	GlobalSection(ExtensibilityGlobals) = postSolution
		SolutionGuid = {0D0326FB-C800-4AB0-B8FD-76F4E8605248}
	EndGlobalSection
EndGlobal
